PODS:
  - Masonry (1.1.0)
  - YYKit (1.0.9):
    - YYKit/no-arc (= 1.0.9)
  - YYKit/no-arc (1.0.9)

DEPENDENCIES:
  - Masonry (~> 1.1.0)
  - YYKit (~> 1.0.9)

SPEC CHECKSUMS:
  Masonry: 678fab65091a9290e40e2832a55e7ab731aad201
  YYKit: 7cda43304a8dc3696c449041e2cb3107b4e236e7

PODFILE CHECKSUM: 4df809843a0b64f634331b01c1c55535616753b6

COCOAPODS: 1.2.1
